
Microsoft Visual Studio Solution File, Format Version 12.00
# Visual Studio 15
VisualStudioVersion = 15.0.28010.2036
MinimumVisualStudioVersion = 10.0.40219.1
Project("{FAE04EC0-301F-11D3-BF4B-00C04F79EFBC}") = "Searchfight.ConsoleApp", "Searchfight.ConsoleApp\Searchfight.ConsoleApp.csproj", "{B1CAAE80-8F55-4792-A7C6-3529610AF01A}"
EndProject
Project("{FAE04EC0-301F-11D3-BF4B-00C04F79EFBC}") = "Searchfight.Service", "Searchfight.Service\Searchfight.Service.csproj", "{B7E08E5D-9478-4A59-854A-982B8123CDB3}"
EndProject
Project("{FAE04EC0-301F-11D3-BF4B-00C04F79EFBC}") = "Searchfight.Util", "Searchfight.Util\Searchfight.Util.csproj", "{70BCF71D-F4C1-4863-A584-B95B123794B8}"
EndProject
Project("{FAE04EC0-301F-11D3-BF4B-00C04F79EFBC}") = "Searchfight.Domain", "Searchfight.Domain\Searchfight.Domain.csproj", "{E922AB65-E0CC-4E35-8006-E468FA7BA182}"
EndProject
Project("{FAE04EC0-301F-11D3-BF4B-00C04F79EFBC}") = "Searchfight.Tests", "Searchfight.Tests\Searchfight.Tests.csproj", "{70D27A1E-AC53-433D-944B-7D855AAB6499}"
EndProject
Global
	GlobalSection(SolutionConfigurationPlatforms) = preSolution
		Debug|Any CPU = Debug|Any CPU
		Release|Any CPU = Release|Any CPU
	EndGlobalSection
	GlobalSection(ProjectConfigurationPlatforms) = postSolution
		{B1CAAE80-8F55-4792-A7C6-3529610AF01A}.Debug|Any CPU.ActiveCfg = Debug|Any CPU
		{B1CAAE80-8F55-4792-A7C6-3529610AF01A}.Debug|Any CPU.Build.0 = Debug|Any CPU
		{B1CAAE80-8F55-4792-A7C6-3529610AF01A}.Release|Any CPU.ActiveCfg = Release|Any CPU
		{B1CAAE80-8F55-4792-A7C6-3529610AF01A}.Release|Any CPU.Build.0 = Release|Any CPU
		{B7E08E5D-9478-4A59-854A-982B8123CDB3}.Debug|Any CPU.ActiveCfg = Debug|Any CPU
		{B7E08E5D-9478-4A59-854A-982B8123CDB3}.Debug|Any CPU.Build.0 = Debug|Any CPU
		{B7E08E5D-9478-4A59-854A-982B8123CDB3}.Release|Any CPU.ActiveCfg = Release|Any CPU
		{B7E08E5D-9478-4A59-854A-982B8123CDB3}.Release|Any CPU.Build.0 = Release|Any CPU
		{70BCF71D-F4C1-4863-A584-B95B123794B8}.Debug|Any CPU.ActiveCfg = Debug|Any CPU
		{70BCF71D-F4C1-4863-A584-B95B123794B8}.Debug|Any CPU.Build.0 = Debug|Any CPU
		{70BCF71D-F4C1-4863-A584-B95B123794B8}.Release|Any CPU.ActiveCfg = Release|Any CPU
		{70BCF71D-F4C1-4863-A584-B95B123794B8}.Release|Any CPU.Build.0 = Release|Any CPU
		{E922AB65-E0CC-4E35-8006-E468FA7BA182}.Debug|Any CPU.ActiveCfg = Debug|Any CPU
		{E922AB65-E0CC-4E35-8006-E468FA7BA182}.Debug|Any CPU.Build.0 = Debug|Any CPU
		{E922AB65-E0CC-4E35-8006-E468FA7BA182}.Release|Any CPU.ActiveCfg = Release|Any CPU
		{E922AB65-E0CC-4E35-8006-E468FA7BA182}.Release|Any CPU.Build.0 = Release|Any CPU
		{70D27A1E-AC53-433D-944B-7D855AAB6499}.Debug|Any CPU.ActiveCfg = Debug|Any CPU
		{70D27A1E-AC53-433D-944B-7D855AAB6499}.Debug|Any CPU.Build.0 = Debug|Any CPU
		{70D27A1E-AC53-433D-944B-7D855AAB6499}.Release|Any CPU.ActiveCfg = Release|Any CPU
		{70D27A1E-AC53-433D-944B-7D855AAB6499}.Release|Any CPU.Build.0 = Release|Any CPU
	EndGlobalSection
	GlobalSection(SolutionProperties) = preSolution
		HideSolutionNode = FALSE
	EndGlobalSection
	GlobalSection(ExtensibilityGlobals) = postSolution
		SolutionGuid = {15A563BC-D0C9-4213-B906-CE55DEEC06AA}
	EndGlobalSection
EndGlobal
